{
  "name": "sqlectron-term",
  "version": "0.1.4",
  "dependencies": {
    "babel-polyfill": {
      "version": "6.0.16",
      "from": "babel-polyfill@^6.0.16",
      "resolved": "https://registry.npmjs.org/babel-polyfill/-/babel-polyfill-6.0.16.tgz",
      "dependencies": {
        "core-js": {
          "version": "1.2.6",
          "from": "core-js@^1.0.1",
          "resolved": "https://registry.npmjs.org/core-js/-/core-js-1.2.6.tgz"
        },
        "regenerator": {
          "version": "0.8.42",
          "from": "regenerator@^0.8.36",
          "resolved": "https://registry.npmjs.org/regenerator/-/regenerator-0.8.42.tgz",
          "dependencies": {
            "commoner": {
              "version": "0.10.4",
              "from": "commoner@~0.10.3",
              "resolved": "https://registry.npmjs.org/commoner/-/commoner-0.10.4.tgz",
              "dependencies": {
                "commander": {
                  "version": "2.9.0",
                  "from": "commander@^2.5.0",
                  "resolved": "https://registry.npmjs.org/commander/-/commander-2.9.0.tgz",
                  "dependencies": {
                    "graceful-readlink": {
                      "version": "1.0.1",
                      "from": "graceful-readlink@>= 1.0.0",
                      "resolved": "https://registry.npmjs.org/graceful-readlink/-/graceful-readlink-1.0.1.tgz"
                    }
                  }
                },
                "detective": {
                  "version": "4.3.1",
                  "from": "detective@^4.3.1",
                  "resolved": "https://registry.npmjs.org/detective/-/detective-4.3.1.tgz",
                  "dependencies": {
                    "acorn": {
                      "version": "1.2.2",
                      "from": "acorn@^1.0.3",
                      "resolved": "https://registry.npmjs.org/acorn/-/acorn-1.2.2.tgz"
                    },
                    "defined": {
                      "version": "1.0.0",
                      "from": "defined@^1.0.0",
                      "resolved": "https://registry.npmjs.org/defined/-/defined-1.0.0.tgz"
                    }
                  }
                },
                "glob": {
                  "version": "5.0.15",
                  "from": "glob@^5.0.15",
                  "resolved": "https://registry.npmjs.org/glob/-/glob-5.0.15.tgz",
                  "dependencies": {
                    "inflight": {
                      "version": "1.0.4",
                      "from": "inflight@^1.0.4",
                      "resolved": "https://registry.npmjs.org/inflight/-/inflight-1.0.4.tgz",
                      "dependencies": {
                        "wrappy": {
                          "version": "1.0.1",
                          "from": "wrappy@1",
                          "resolved": "https://registry.npmjs.org/wrappy/-/wrappy-1.0.1.tgz"
                        }
                      }
                    },
                    "inherits": {
                      "version": "2.0.1",
                      "from": "inherits@2",
                      "resolved": "https://registry.npmjs.org/inherits/-/inherits-2.0.1.tgz"
                    },
                    "minimatch": {
                      "version": "3.0.0",
                      "from": "minimatch@2 || 3",
                      "resolved": "https://registry.npmjs.org/minimatch/-/minimatch-3.0.0.tgz",
                      "dependencies": {
                        "brace-expansion": {
                          "version": "1.1.1",
                          "from": "brace-expansion@^1.0.0",
                          "resolved": "https://registry.npmjs.org/brace-expansion/-/brace-expansion-1.1.1.tgz",
                          "dependencies": {
                            "balanced-match": {
                              "version": "0.2.1",
                              "from": "balanced-match@^0.2.0",
                              "resolved": "https://registry.npmjs.org/balanced-match/-/balanced-match-0.2.1.tgz"
                            },
                            "concat-map": {
                              "version": "0.0.1",
                              "from": "concat-map@0.0.1",
                              "resolved": "https://registry.npmjs.org/concat-map/-/concat-map-0.0.1.tgz"
                            }
                          }
                        }
                      }
                    },
                    "once": {
                      "version": "1.3.2",
                      "from": "once@^1.3.0",
                      "resolved": "https://registry.npmjs.org/once/-/once-1.3.2.tgz",
                      "dependencies": {
                        "wrappy": {
                          "version": "1.0.1",
                          "from": "wrappy@1",
                          "resolved": "https://registry.npmjs.org/wrappy/-/wrappy-1.0.1.tgz"
                        }
                      }
                    },
                    "path-is-absolute": {
                      "version": "1.0.0",
                      "from": "path-is-absolute@^1.0.0",
                      "resolved": "https://registry.npmjs.org/path-is-absolute/-/path-is-absolute-1.0.0.tgz"
                    }
                  }
                },
                "graceful-fs": {
                  "version": "4.1.2",
                  "from": "graceful-fs@^4.1.2",
                  "resolved": "https://registry.npmjs.org/graceful-fs/-/graceful-fs-4.1.2.tgz"
                },
                "iconv-lite": {
                  "version": "0.4.13",
                  "from": "iconv-lite@^0.4.5",
                  "resolved": "https://registry.npmjs.org/iconv-lite/-/iconv-lite-0.4.13.tgz"
                },
                "mkdirp": {
                  "version": "0.5.1",
                  "from": "mkdirp@^0.5.0",
                  "resolved": "https://registry.npmjs.org/mkdirp/-/mkdirp-0.5.1.tgz",
                  "dependencies": {
                    "minimist": {
                      "version": "0.0.8",
                      "from": "minimist@0.0.8",
                      "resolved": "https://registry.npmjs.org/minimist/-/minimist-0.0.8.tgz"
                    }
                  }
                },
                "q": {
                  "version": "1.4.1",
                  "from": "q@^1.1.2",
                  "resolved": "https://registry.npmjs.org/q/-/q-1.4.1.tgz"
                }
              }
            },
            "defs": {
              "version": "1.1.1",
              "from": "defs@~1.1.0",
              "resolved": "https://registry.npmjs.org/defs/-/defs-1.1.1.tgz",
              "dependencies": {
                "alter": {
                  "version": "0.2.0",
                  "from": "alter@~0.2.0",
                  "resolved": "https://registry.npmjs.org/alter/-/alter-0.2.0.tgz",
                  "dependencies": {
                    "stable": {
                      "version": "0.1.5",
                      "from": "stable@~0.1.3",
                      "resolved": "https://registry.npmjs.org/stable/-/stable-0.1.5.tgz"
                    }
                  }
                },
                "ast-traverse": {
                  "version": "0.1.1",
                  "from": "ast-traverse@~0.1.1",
                  "resolved": "https://registry.npmjs.org/ast-traverse/-/ast-traverse-0.1.1.tgz"
                },
                "breakable": {
                  "version": "1.0.0",
                  "from": "breakable@~1.0.0",
                  "resolved": "https://registry.npmjs.org/breakable/-/breakable-1.0.0.tgz"
                },
                "simple-fmt": {
                  "version": "0.1.0",
                  "from": "simple-fmt@~0.1.0",
                  "resolved": "https://registry.npmjs.org/simple-fmt/-/simple-fmt-0.1.0.tgz"
                },
                "simple-is": {
                  "version": "0.2.0",
                  "from": "simple-is@~0.2.0",
                  "resolved": "https://registry.npmjs.org/simple-is/-/simple-is-0.2.0.tgz"
                },
                "stringmap": {
                  "version": "0.2.2",
                  "from": "stringmap@~0.2.2",
                  "resolved": "https://registry.npmjs.org/stringmap/-/stringmap-0.2.2.tgz"
                },
                "stringset": {
                  "version": "0.2.1",
                  "from": "stringset@~0.2.1",
                  "resolved": "https://registry.npmjs.org/stringset/-/stringset-0.2.1.tgz"
                },
                "tryor": {
                  "version": "0.1.2",
                  "from": "tryor@~0.1.2",
                  "resolved": "https://registry.npmjs.org/tryor/-/tryor-0.1.2.tgz"
                },
                "yargs": {
                  "version": "3.27.0",
                  "from": "yargs@~3.27.0",
                  "resolved": "https://registry.npmjs.org/yargs/-/yargs-3.27.0.tgz",
                  "dependencies": {
                    "camelcase": {
                      "version": "1.2.1",
                      "from": "camelcase@^1.2.1",
                      "resolved": "https://registry.npmjs.org/camelcase/-/camelcase-1.2.1.tgz"
                    },
                    "cliui": {
                      "version": "2.1.0",
                      "from": "cliui@^2.1.0",
                      "resolved": "https://registry.npmjs.org/cliui/-/cliui-2.1.0.tgz",
                      "dependencies": {
                        "center-align": {
                          "version": "0.1.2",
                          "from": "center-align@^0.1.1",
                          "resolved": "https://registry.npmjs.org/center-align/-/center-align-0.1.2.tgz",
                          "dependencies": {
                            "align-text": {
                              "version": "0.1.3",
                              "from": "align-text@^0.1.0",
                              "resolved": "https://registry.npmjs.org/align-text/-/align-text-0.1.3.tgz",
                              "dependencies": {
                                "kind-of": {
                                  "version": "2.0.1",
                                  "from": "kind-of@^2.0.0",
                                  "resolved": "https://registry.npmjs.org/kind-of/-/kind-of-2.0.1.tgz",
                                  "dependencies": {
                                    "is-buffer": {
                                      "version": "1.1.0",
                                      "from": "is-buffer@^1.0.2",
                                      "resolved": "https://registry.npmjs.org/is-buffer/-/is-buffer-1.1.0.tgz"
                                    }
                                  }
                                },
                                "longest": {
                                  "version": "1.0.1",
                                  "from": "longest@^1.0.1",
                                  "resolved": "https://registry.npmjs.org/longest/-/longest-1.0.1.tgz"
                                },
                                "repeat-string": {
                                  "version": "1.5.2",
                                  "from": "repeat-string@^1.5.2",
                                  "resolved": "https://registry.npmjs.org/repeat-string/-/repeat-string-1.5.2.tgz"
                                }
                              }
                            },
                            "lazy-cache": {
                              "version": "0.2.4",
                              "from": "lazy-cache@^0.2.4",
                              "resolved": "https://registry.npmjs.org/lazy-cache/-/lazy-cache-0.2.4.tgz"
                            }
                          }
                        },
                        "right-align": {
                          "version": "0.1.3",
                          "from": "right-align@^0.1.1",
                          "resolved": "https://registry.npmjs.org/right-align/-/right-align-0.1.3.tgz",
                          "dependencies": {
                            "align-text": {
                              "version": "0.1.3",
                              "from": "align-text@^0.1.1",
                              "resolved": "https://registry.npmjs.org/align-text/-/align-text-0.1.3.tgz",
                              "dependencies": {
                                "kind-of": {
                                  "version": "2.0.1",
                                  "from": "kind-of@^2.0.0",
                                  "resolved": "https://registry.npmjs.org/kind-of/-/kind-of-2.0.1.tgz",
                                  "dependencies": {
                                    "is-buffer": {
                                      "version": "1.1.0",
                                      "from": "is-buffer@^1.0.2",
                                      "resolved": "https://registry.npmjs.org/is-buffer/-/is-buffer-1.1.0.tgz"
                                    }
                                  }
                                },
                                "longest": {
                                  "version": "1.0.1",
                                  "from": "longest@^1.0.1",
                                  "resolved": "https://registry.npmjs.org/longest/-/longest-1.0.1.tgz"
                                },
                                "repeat-string": {
                                  "version": "1.5.2",
                                  "from": "repeat-string@^1.5.2",
                                  "resolved": "https://registry.npmjs.org/repeat-string/-/repeat-string-1.5.2.tgz"
                                }
                              }
                            }
                          }
                        },
                        "wordwrap": {
                          "version": "0.0.2",
                          "from": "wordwrap@0.0.2",
                          "resolved": "https://registry.npmjs.org/wordwrap/-/wordwrap-0.0.2.tgz"
                        }
                      }
                    },
                    "decamelize": {
                      "version": "1.1.1",
                      "from": "decamelize@^1.0.0",
                      "resolved": "https://registry.npmjs.org/decamelize/-/decamelize-1.1.1.tgz"
                    },
                    "os-locale": {
                      "version": "1.4.0",
                      "from": "os-locale@^1.4.0",
                      "resolved": "https://registry.npmjs.org/os-locale/-/os-locale-1.4.0.tgz",
                      "dependencies": {
                        "lcid": {
                          "version": "1.0.0",
                          "from": "lcid@^1.0.0",
                          "resolved": "https://registry.npmjs.org/lcid/-/lcid-1.0.0.tgz",
                          "dependencies": {
                            "invert-kv": {
                              "version": "1.0.0",
                              "from": "invert-kv@^1.0.0",
                              "resolved": "https://registry.npmjs.org/invert-kv/-/invert-kv-1.0.0.tgz"
                            }
                          }
                        }
                      }
                    },
                    "window-size": {
                      "version": "0.1.2",
                      "from": "window-size@^0.1.2",
                      "resolved": "https://registry.npmjs.org/window-size/-/window-size-0.1.2.tgz"
                    },
                    "y18n": {
                      "version": "3.2.0",
                      "from": "y18n@^3.2.0",
                      "resolved": "https://registry.npmjs.org/y18n/-/y18n-3.2.0.tgz"
                    }
                  }
                }
              }
            },
            "esprima-fb": {
              "version": "15001.1001.0-dev-harmony-fb",
              "from": "esprima-fb@~15001.1001.0-dev-harmony-fb",
              "resolved": "https://registry.npmjs.org/esprima-fb/-/esprima-fb-15001.1001.0-dev-harmony-fb.tgz"
            },
            "private": {
              "version": "0.1.6",
              "from": "private@~0.1.5",
              "resolved": "https://registry.npmjs.org/private/-/private-0.1.6.tgz"
            },
            "recast": {
              "version": "0.10.33",
              "from": "recast@0.10.33",
              "resolved": "https://registry.npmjs.org/recast/-/recast-0.10.33.tgz",
              "dependencies": {
                "source-map": {
                  "version": "0.5.3",
                  "from": "source-map@~0.5.0",
                  "resolved": "https://registry.npmjs.org/source-map/-/source-map-0.5.3.tgz"
                },
                "ast-types": {
                  "version": "0.8.12",
                  "from": "ast-types@0.8.12",
                  "resolved": "https://registry.npmjs.org/ast-types/-/ast-types-0.8.12.tgz"
                }
              }
            },
            "through": {
              "version": "2.3.8",
              "from": "through@~2.3.8",
              "resolved": "https://registry.npmjs.org/through/-/through-2.3.8.tgz"
            }
          }
        }
      }
    },
    "babel-runtime": {
      "version": "5.8.29",
      "from": "babel-runtime@^5.8.24",
      "resolved": "https://registry.npmjs.org/babel-runtime/-/babel-runtime-5.8.29.tgz",
      "dependencies": {
        "core-js": {
          "version": "1.2.6",
          "from": "core-js@^1.0.0",
          "resolved": "https://registry.npmjs.org/core-js/-/core-js-1.2.6.tgz"
        }
      }
    },
    "blessed": {
      "version": "0.1.81",
      "from": "blessed@^0.1.81",
      "resolved": "https://registry.npmjs.org/blessed/-/blessed-0.1.81.tgz"
    },
    "history": {
      "version": "1.13.0",
      "from": "history@^1.9.1",
      "resolved": "https://registry.npmjs.org/history/-/history-1.13.0.tgz",
      "dependencies": {
        "deep-equal": {
          "version": "1.0.1",
          "from": "deep-equal@^1.0.0",
          "resolved": "https://registry.npmjs.org/deep-equal/-/deep-equal-1.0.1.tgz"
        },
        "invariant": {
          "version": "2.1.2",
          "from": "invariant@^2.0.0",
          "resolved": "https://registry.npmjs.org/invariant/-/invariant-2.1.2.tgz",
          "dependencies": {
            "loose-envify": {
              "version": "1.1.0",
              "from": "loose-envify@^1.0.0",
              "resolved": "https://registry.npmjs.org/loose-envify/-/loose-envify-1.1.0.tgz",
              "dependencies": {
                "js-tokens": {
                  "version": "1.0.2",
                  "from": "js-tokens@^1.0.1",
                  "resolved": "https://registry.npmjs.org/js-tokens/-/js-tokens-1.0.2.tgz"
                }
              }
            }
          }
        },
        "qs": {
          "version": "4.0.0",
          "from": "qs@^4.0.0",
          "resolved": "https://registry.npmjs.org/qs/-/qs-4.0.0.tgz"
        },
        "warning": {
          "version": "2.1.0",
          "from": "warning@^2.0.0",
          "resolved": "https://registry.npmjs.org/warning/-/warning-2.1.0.tgz",
          "dependencies": {
            "loose-envify": {
              "version": "1.1.0",
              "from": "loose-envify@^1.0.0",
              "resolved": "https://registry.npmjs.org/loose-envify/-/loose-envify-1.1.0.tgz",
              "dependencies": {
                "js-tokens": {
                  "version": "1.0.2",
                  "from": "js-tokens@^1.0.1",
                  "resolved": "https://registry.npmjs.org/js-tokens/-/js-tokens-1.0.2.tgz"
                }
              }
            }
          }
        }
      }
    },
    "lodash": {
      "version": "3.10.1",
      "from": "lodash@^3.10.1",
      "resolved": "https://registry.npmjs.org/lodash/-/lodash-3.10.1.tgz"
    },
    "react": {
      "version": "0.14.2",
      "from": "react@^0.14.2",
      "resolved": "https://registry.npmjs.org/react/-/react-0.14.2.tgz",
      "dependencies": {
        "envify": {
          "version": "3.4.0",
          "from": "envify@^3.0.0",
          "resolved": "https://registry.npmjs.org/envify/-/envify-3.4.0.tgz",
          "dependencies": {
            "through": {
              "version": "2.3.8",
              "from": "through@~2.3.4",
              "resolved": "https://registry.npmjs.org/through/-/through-2.3.8.tgz"
            },
            "jstransform": {
              "version": "10.1.0",
              "from": "jstransform@^10.0.1",
              "resolved": "https://registry.npmjs.org/jstransform/-/jstransform-10.1.0.tgz",
              "dependencies": {
                "base62": {
                  "version": "0.1.1",
                  "from": "base62@0.1.1",
                  "resolved": "https://registry.npmjs.org/base62/-/base62-0.1.1.tgz"
                },
                "esprima-fb": {
                  "version": "13001.1001.0-dev-harmony-fb",
                  "from": "esprima-fb@13001.1001.0-dev-harmony-fb",
                  "resolved": "https://registry.npmjs.org/esprima-fb/-/esprima-fb-13001.1001.0-dev-harmony-fb.tgz"
                },
                "source-map": {
                  "version": "0.1.31",
                  "from": "source-map@0.1.31",
                  "resolved": "https://registry.npmjs.org/source-map/-/source-map-0.1.31.tgz",
                  "dependencies": {
                    "amdefine": {
                      "version": "1.0.0",
                      "from": "amdefine@>=0.0.4",
                      "resolved": "https://registry.npmjs.org/amdefine/-/amdefine-1.0.0.tgz"
                    }
                  }
                }
              }
            }
          }
        },
        "fbjs": {
          "version": "0.3.2",
          "from": "fbjs@^0.3.1",
          "resolved": "https://registry.npmjs.org/fbjs/-/fbjs-0.3.2.tgz",
          "dependencies": {
            "core-js": {
              "version": "1.2.6",
              "from": "core-js@^1.0.0",
              "resolved": "https://registry.npmjs.org/core-js/-/core-js-1.2.6.tgz"
            },
            "loose-envify": {
              "version": "1.1.0",
              "from": "loose-envify@^1.0.0",
              "resolved": "https://registry.npmjs.org/loose-envify/-/loose-envify-1.1.0.tgz",
              "dependencies": {
                "js-tokens": {
                  "version": "1.0.2",
                  "from": "js-tokens@^1.0.1",
                  "resolved": "https://registry.npmjs.org/js-tokens/-/js-tokens-1.0.2.tgz"
                }
              }
            },
            "promise": {
              "version": "7.0.4",
              "from": "promise@^7.0.3",
              "resolved": "https://registry.npmjs.org/promise/-/promise-7.0.4.tgz",
              "dependencies": {
                "asap": {
                  "version": "2.0.3",
                  "from": "asap@~2.0.3",
                  "resolved": "https://registry.npmjs.org/asap/-/asap-2.0.3.tgz"
                }
              }
            },
            "ua-parser-js": {
              "version": "0.7.9",
              "from": "ua-parser-js@^0.7.9",
              "resolved": "https://registry.npmjs.org/ua-parser-js/-/ua-parser-js-0.7.9.tgz"
            },
            "whatwg-fetch": {
              "version": "0.9.0",
              "from": "whatwg-fetch@^0.9.0",
              "resolved": "https://registry.npmjs.org/whatwg-fetch/-/whatwg-fetch-0.9.0.tgz"
            }
          }
        }
      }
    },
    "react-blessed": {
      "version": "0.1.7",
      "from": "react-blessed@^0.1.7",
      "resolved": "https://registry.npmjs.org/react-blessed/-/react-blessed-0.1.7.tgz",
      "dependencies": {
        "invariant": {
          "version": "2.1.2",
          "from": "invariant@^2.1.0",
          "resolved": "https://registry.npmjs.org/invariant/-/invariant-2.1.2.tgz",
          "dependencies": {
            "loose-envify": {
              "version": "1.1.0",
              "from": "loose-envify@^1.0.0",
              "resolved": "https://registry.npmjs.org/loose-envify/-/loose-envify-1.1.0.tgz",
              "dependencies": {
                "js-tokens": {
                  "version": "1.0.2",
                  "from": "js-tokens@^1.0.1",
                  "resolved": "https://registry.npmjs.org/js-tokens/-/js-tokens-1.0.2.tgz"
                }
              }
            }
          }
        }
      }
    },
    "react-redux": {
      "version": "2.1.2",
      "from": "react-redux@^2.1.2",
      "resolved": "https://registry.npmjs.org/react-redux/-/react-redux-2.1.2.tgz",
      "dependencies": {
        "invariant": {
          "version": "2.1.2",
          "from": "invariant@^2.0.0",
          "resolved": "https://registry.npmjs.org/invariant/-/invariant-2.1.2.tgz",
          "dependencies": {
            "loose-envify": {
              "version": "1.1.0",
              "from": "loose-envify@^1.0.0",
              "resolved": "https://registry.npmjs.org/loose-envify/-/loose-envify-1.1.0.tgz",
              "dependencies": {
                "js-tokens": {
                  "version": "1.0.2",
                  "from": "js-tokens@^1.0.1",
                  "resolved": "https://registry.npmjs.org/js-tokens/-/js-tokens-1.0.2.tgz"
                }
              }
            }
          }
        }
      }
    },
    "react-router": {
      "version": "1.0.0",
      "from": "react-router@^1.0.0-rc1",
      "resolved": "https://registry.npmjs.org/react-router/-/react-router-1.0.0.tgz",
      "dependencies": {
        "invariant": {
          "version": "2.1.2",
          "from": "invariant@^2.0.0",
          "resolved": "https://registry.npmjs.org/invariant/-/invariant-2.1.2.tgz",
          "dependencies": {
            "loose-envify": {
              "version": "1.1.0",
              "from": "loose-envify@^1.0.0",
              "resolved": "https://registry.npmjs.org/loose-envify/-/loose-envify-1.1.0.tgz",
              "dependencies": {
                "js-tokens": {
                  "version": "1.0.2",
                  "from": "js-tokens@^1.0.1",
                  "resolved": "https://registry.npmjs.org/js-tokens/-/js-tokens-1.0.2.tgz"
                }
              }
            }
          }
        },
        "warning": {
          "version": "2.1.0",
          "from": "warning@^2.0.0",
          "resolved": "https://registry.npmjs.org/warning/-/warning-2.1.0.tgz",
          "dependencies": {
            "loose-envify": {
              "version": "1.1.0",
              "from": "loose-envify@^1.0.0",
              "resolved": "https://registry.npmjs.org/loose-envify/-/loose-envify-1.1.0.tgz",
              "dependencies": {
                "js-tokens": {
                  "version": "1.0.2",
                  "from": "js-tokens@^1.0.1",
                  "resolved": "https://registry.npmjs.org/js-tokens/-/js-tokens-1.0.2.tgz"
                }
              }
            }
          }
        }
      }
    },
    "redux": {
      "version": "3.0.4",
      "from": "redux@^3.0.0",
      "resolved": "https://registry.npmjs.org/redux/-/redux-3.0.4.tgz"
    },
    "redux-thunk": {
      "version": "0.1.0",
      "from": "redux-thunk@^0.1.0",
      "resolved": "https://registry.npmjs.org/redux-thunk/-/redux-thunk-0.1.0.tgz"
    },
    "sqlectron-core": {
      "version": "0.3.1",
      "from": "sqlectron-core@^0.3.1",
      "resolved": "https://registry.npmjs.org/sqlectron-core/-/sqlectron-core-0.3.1.tgz",
      "dependencies": {
        "debug": {
          "version": "2.2.0",
          "from": "debug@^2.2.0",
          "resolved": "https://registry.npmjs.org/debug/-/debug-2.2.0.tgz",
          "dependencies": {
            "ms": {
              "version": "0.7.1",
              "from": "ms@0.7.1",
              "resolved": "https://registry.npmjs.org/ms/-/ms-0.7.1.tgz"
            }
          }
        },
        "mysql": {
          "version": "2.9.0",
          "from": "mysql@^2.9.0",
          "resolved": "https://registry.npmjs.org/mysql/-/mysql-2.9.0.tgz",
          "dependencies": {
            "bignumber.js": {
              "version": "2.0.7",
              "from": "bignumber.js@2.0.7",
              "resolved": "https://registry.npmjs.org/bignumber.js/-/bignumber.js-2.0.7.tgz"
            },
            "readable-stream": {
              "version": "1.1.13",
              "from": "readable-stream@~1.1.13",
              "resolved": "https://registry.npmjs.org/readable-stream/-/readable-stream-1.1.13.tgz",
              "dependencies": {
                "core-util-is": {
                  "version": "1.0.1",
                  "from": "core-util-is@~1.0.0",
                  "resolved": "https://registry.npmjs.org/core-util-is/-/core-util-is-1.0.1.tgz"
                },
                "isarray": {
                  "version": "0.0.1",
                  "from": "isarray@0.0.1",
                  "resolved": "https://registry.npmjs.org/isarray/-/isarray-0.0.1.tgz"
                },
                "string_decoder": {
                  "version": "0.10.31",
                  "from": "string_decoder@~0.10.x",
                  "resolved": "https://registry.npmjs.org/string_decoder/-/string_decoder-0.10.31.tgz"
                },
                "inherits": {
                  "version": "2.0.1",
                  "from": "inherits@~2.0.1",
                  "resolved": "https://registry.npmjs.org/inherits/-/inherits-2.0.1.tgz"
                }
              }
            }
          }
        },
        "node-uuid": {
          "version": "1.4.7",
          "from": "node-uuid@^1.4.3",
          "resolved": "https://registry.npmjs.org/node-uuid/-/node-uuid-1.4.7.tgz"
        },
        "pg": {
          "version": "4.4.3",
          "from": "pg@^4.4.3",
          "resolved": "https://registry.npmjs.org/pg/-/pg-4.4.3.tgz",
          "dependencies": {
            "buffer-writer": {
              "version": "1.0.0",
              "from": "buffer-writer@1.0.0",
              "resolved": "https://registry.npmjs.org/buffer-writer/-/buffer-writer-1.0.0.tgz"
            },
            "generic-pool": {
              "version": "2.1.1",
              "from": "generic-pool@2.1.1",
              "resolved": "https://registry.npmjs.org/generic-pool/-/generic-pool-2.1.1.tgz"
            },
            "packet-reader": {
              "version": "0.2.0",
              "from": "packet-reader@0.2.0",
              "resolved": "https://registry.npmjs.org/packet-reader/-/packet-reader-0.2.0.tgz"
            },
            "pg-connection-string": {
              "version": "0.1.3",
              "from": "pg-connection-string@0.1.3",
              "resolved": "https://registry.npmjs.org/pg-connection-string/-/pg-connection-string-0.1.3.tgz"
            },
            "pg-types": {
              "version": "1.10.0",
              "from": "pg-types@1.*",
              "resolved": "https://registry.npmjs.org/pg-types/-/pg-types-1.10.0.tgz",
              "dependencies": {
                "ap": {
                  "version": "0.2.0",
                  "from": "ap@~0.2.0",
                  "resolved": "https://registry.npmjs.org/ap/-/ap-0.2.0.tgz"
                },
                "postgres-array": {
                  "version": "1.0.0",
                  "from": "postgres-array@~1.0.0",
                  "resolved": "https://registry.npmjs.org/postgres-array/-/postgres-array-1.0.0.tgz"
                },
                "postgres-bytea": {
                  "version": "1.0.0",
                  "from": "postgres-bytea@~1.0.0",
                  "resolved": "https://registry.npmjs.org/postgres-bytea/-/postgres-bytea-1.0.0.tgz"
                },
                "postgres-date": {
                  "version": "1.0.0",
                  "from": "postgres-date@~1.0.0",
                  "resolved": "https://registry.npmjs.org/postgres-date/-/postgres-date-1.0.0.tgz"
                },
                "postgres-interval": {
                  "version": "1.0.0",
                  "from": "postgres-interval@~1.0.0",
                  "resolved": "https://registry.npmjs.org/postgres-interval/-/postgres-interval-1.0.0.tgz",
                  "dependencies": {
                    "xtend": {
                      "version": "4.0.1",
                      "from": "xtend@^4.0.0",
                      "resolved": "https://registry.npmjs.org/xtend/-/xtend-4.0.1.tgz"
                    }
                  }
                }
              }
            },
            "pgpass": {
              "version": "0.0.3",
              "from": "pgpass@0.0.3",
              "resolved": "https://registry.npmjs.org/pgpass/-/pgpass-0.0.3.tgz",
              "dependencies": {
                "split": {
                  "version": "0.3.3",
                  "from": "split@~0.3",
                  "resolved": "https://registry.npmjs.org/split/-/split-0.3.3.tgz",
                  "dependencies": {
                    "through": {
                      "version": "2.3.8",
                      "from": "through@2",
                      "resolved": "https://registry.npmjs.org/through/-/through-2.3.8.tgz"
                    }
                  }
                }
              }
            },
            "semver": {
              "version": "4.3.6",
              "from": "semver@^4.1.0",
              "resolved": "https://registry.npmjs.org/semver/-/semver-4.3.6.tgz"
            }
          }
        },
        "portfinder": {
          "version": "0.4.0",
          "from": "portfinder@^0.4.0",
          "resolved": "https://registry.npmjs.org/portfinder/-/portfinder-0.4.0.tgz",
          "dependencies": {
            "async": {
              "version": "0.9.0",
              "from": "async@0.9.0",
              "resolved": "https://registry.npmjs.org/async/-/async-0.9.0.tgz"
            },
            "mkdirp": {
              "version": "0.5.1",
              "from": "mkdirp@0.5.x",
              "resolved": "https://registry.npmjs.org/mkdirp/-/mkdirp-0.5.1.tgz",
              "dependencies": {
                "minimist": {
                  "version": "0.0.8",
                  "from": "minimist@0.0.8",
                  "resolved": "https://registry.npmjs.org/minimist/-/minimist-0.0.8.tgz"
                }
              }
            }
          }
        },
        "ssh2": {
          "version": "0.4.12",
          "from": "ssh2@^0.4.11",
          "resolved": "https://registry.npmjs.org/ssh2/-/ssh2-0.4.12.tgz",
          "dependencies": {
            "readable-stream": {
              "version": "1.0.33",
              "from": "readable-stream@~1.0.0",
              "resolved": "https://registry.npmjs.org/readable-stream/-/readable-stream-1.0.33.tgz",
              "dependencies": {
                "core-util-is": {
                  "version": "1.0.1",
                  "from": "core-util-is@~1.0.0",
                  "resolved": "https://registry.npmjs.org/core-util-is/-/core-util-is-1.0.1.tgz"
                },
                "isarray": {
                  "version": "0.0.1",
                  "from": "isarray@0.0.1",
                  "resolved": "https://registry.npmjs.org/isarray/-/isarray-0.0.1.tgz"
                },
                "string_decoder": {
                  "version": "0.10.31",
                  "from": "string_decoder@~0.10.x",
                  "resolved": "https://registry.npmjs.org/string_decoder/-/string_decoder-0.10.31.tgz"
                },
                "inherits": {
                  "version": "2.0.1",
                  "from": "inherits@~2.0.1",
                  "resolved": "https://registry.npmjs.org/inherits/-/inherits-2.0.1.tgz"
                }
              }
            },
            "ssh2-streams": {
              "version": "0.0.19",
              "from": "ssh2-streams@~0.0.5",
              "resolved": "https://registry.npmjs.org/ssh2-streams/-/ssh2-streams-0.0.19.tgz",
              "dependencies": {
                "streamsearch": {
                  "version": "0.1.2",
                  "from": "streamsearch@~0.1.2",
                  "resolved": "https://registry.npmjs.org/streamsearch/-/streamsearch-0.1.2.tgz"
                },
                "asn1": {
                  "version": "0.2.3",
                  "from": "asn1@~0.2.0",
                  "resolved": "https://registry.npmjs.org/asn1/-/asn1-0.2.3.tgz"
                }
              }
            }
          }
        },
        "valida": {
          "version": "2.0.0",
          "from": "valida@^2.0.0",
          "dependencies": {
            "async": {
              "version": "0.9.2",
              "from": "async@^0.9.0",
              "resolved": "https://registry.npmjs.org/async/-/async-0.9.2.tgz"
            },
            "rsvp": {
              "version": "3.1.0",
              "from": "rsvp@^3.0.14",
              "resolved": "https://registry.npmjs.org/rsvp/-/rsvp-3.1.0.tgz"
            }
          }
        }
      }
    }
  }
}
